
Microsoft Visual Studio Solution File, Format Version 12.00
# Visual Studio 15
VisualStudioVersion = 15.0.26403.7
MinimumVisualStudioVersion = 10.0.40219.1
Project("{9A19103F-16F7-4668-BE54-9A1E7A4F7556}") = "JSON_Student_App", "JSON_Student_App.csproj", "{A2A723EA-87E5-49A2-A4C8-555B388B491A}"
EndProject
Global
	GlobalSection(SolutionConfigurationPlatforms) = preSolution
		Debug|Any CPU = Debug|Any CPU
		Debug|x86 = Debug|x86
		Release|Any CPU = Release|Any CPU
		Release|x86 = Release|x86
	EndGlobalSection
	GlobalSection(ProjectConfigurationPlatforms) = postSolution
		{A2A723EA-87E5-49A2-A4C8-555B388B491A}.Debug|Any CPU.ActiveCfg = Debug|Any CPU
		{A2A723EA-87E5-49A2-A4C8-555B388B491A}.Debug|Any CPU.Build.0 = Debug|Any CPU
		{A2A723EA-87E5-49A2-A4C8-555B388B491A}.Debug|x86.ActiveCfg = Debug|Any CPU
		{A2A723EA-87E5-49A2-A4C8-555B388B491A}.Debug|x86.Build.0 = Debug|Any CPU
		{A2A723EA-87E5-49A2-A4C8-555B388B491A}.Release|Any CPU.ActiveCfg = Release|Any CPU
		{A2A723EA-87E5-49A2-A4C8-555B388B491A}.Release|Any CPU.Build.0 = Release|Any CPU
		{A2A723EA-87E5-49A2-A4C8-555B388B491A}.Release|x86.ActiveCfg = Release|Any CPU
		{A2A723EA-87E5-49A2-A4C8-555B388B491A}.Release|x86.Build.0 = Release|Any CPU
	EndGlobalSection
	GlobalSection(SolutionProperties) = preSolution
		HideSolutionNode = FALSE
	EndGlobalSection
EndGlobal
